{
  "name": "botbench-libs",
  "version": "1.0.0",
  "lockfileVersion": 3,
  "requires": true,
  "packages": {
    "": {
      "name": "botbench-libs",
      "version": "1.0.0",
      "license": "MIT",
      "bin": {
        "botbench-scan-secrets": "bin/scan-secrets.js"
      },
      "engines": {
        "node": ">=18"
      }
    }
  }
}
